
Microsoft Visual Studio Solution File, Format Version 12.00
# Visual Studio Version 16
VisualStudioVersion = 16.0.30907.101
MinimumVisualStudioVersion = 10.0.40219.1
Project("{9A19103F-16F7-4668-BE54-9A1E7A4F7556}") = "Entities", "Entities\Entities.csproj", "{36E073D1-B234-4702-897C-5ACB6F37678C}"
EndProject
Project("{9A19103F-16F7-4668-BE54-9A1E7A4F7556}") = "DataAccess", "DataAccess\DataAccess.csproj", "{16785BED-ECCF-4305-8453-D22C75FD380F}"
EndProject
Project("{9A19103F-16F7-4668-BE54-9A1E7A4F7556}") = "Business", "Business\Business.csproj", "{21C2ADA3-6FAB-4CBF-B6A9-EA1410FEBC31}"
EndProject
Project("{9A19103F-16F7-4668-BE54-9A1E7A4F7556}") = "ConsoleUI", "ConsoleUI\ConsoleUI.csproj", "{434DB894-52AF-447A-8CB1-89FF404973A2}"
EndProject
Project("{FAE04EC0-301F-11D3-BF4B-00C04F79EFBC}") = "Core", "Core\Core.csproj", "{57CBC069-1C75-4A85-B21B-C79BFBD584D1}"
EndProject
Global
	GlobalSection(SolutionConfigurationPlatforms) = preSolution
		Debug|Any CPU = Debug|Any CPU
		Release|Any CPU = Release|Any CPU
	EndGlobalSection
	GlobalSection(ProjectConfigurationPlatforms) = postSolution
		{36E073D1-B234-4702-897C-5ACB6F37678C}.Debug|Any CPU.ActiveCfg = Debug|Any CPU
		{36E073D1-B234-4702-897C-5ACB6F37678C}.Debug|Any CPU.Build.0 = Debug|Any CPU
		{36E073D1-B234-4702-897C-5ACB6F37678C}.Release|Any CPU.ActiveCfg = Release|Any CPU
		{36E073D1-B234-4702-897C-5ACB6F37678C}.Release|Any CPU.Build.0 = Release|Any CPU
		{16785BED-ECCF-4305-8453-D22C75FD380F}.Debug|Any CPU.ActiveCfg = Debug|Any CPU
		{16785BED-ECCF-4305-8453-D22C75FD380F}.Debug|Any CPU.Build.0 = Debug|Any CPU
		{16785BED-ECCF-4305-8453-D22C75FD380F}.Release|Any CPU.ActiveCfg = Release|Any CPU
		{16785BED-ECCF-4305-8453-D22C75FD380F}.Release|Any CPU.Build.0 = Release|Any CPU
		{21C2ADA3-6FAB-4CBF-B6A9-EA1410FEBC31}.Debug|Any CPU.ActiveCfg = Debug|Any CPU
		{21C2ADA3-6FAB-4CBF-B6A9-EA1410FEBC31}.Debug|Any CPU.Build.0 = Debug|Any CPU
		{21C2ADA3-6FAB-4CBF-B6A9-EA1410FEBC31}.Release|Any CPU.ActiveCfg = Release|Any CPU
		{21C2ADA3-6FAB-4CBF-B6A9-EA1410FEBC31}.Release|Any CPU.Build.0 = Release|Any CPU
		{434DB894-52AF-447A-8CB1-89FF404973A2}.Debug|Any CPU.ActiveCfg = Debug|Any CPU
		{434DB894-52AF-447A-8CB1-89FF404973A2}.Debug|Any CPU.Build.0 = Debug|Any CPU
		{434DB894-52AF-447A-8CB1-89FF404973A2}.Release|Any CPU.ActiveCfg = Release|Any CPU
		{434DB894-52AF-447A-8CB1-89FF404973A2}.Release|Any CPU.Build.0 = Release|Any CPU
		{57CBC069-1C75-4A85-B21B-C79BFBD584D1}.Debug|Any CPU.ActiveCfg = Debug|Any CPU
		{57CBC069-1C75-4A85-B21B-C79BFBD584D1}.Debug|Any CPU.Build.0 = Debug|Any CPU
		{57CBC069-1C75-4A85-B21B-C79BFBD584D1}.Release|Any CPU.ActiveCfg = Release|Any CPU
		{57CBC069-1C75-4A85-B21B-C79BFBD584D1}.Release|Any CPU.Build.0 = Release|Any CPU
	EndGlobalSection
	GlobalSection(SolutionProperties) = preSolution
		HideSolutionNode = FALSE
	EndGlobalSection
	GlobalSection(ExtensibilityGlobals) = postSolution
		SolutionGuid = {58F22A5A-3217-45D1-A380-FA79FDA13E9D}
	EndGlobalSection
EndGlobal
